[root]
name = "text_transform"
version = "0.1.0"
dependencies = [
 "helix 0.6.0 (registry+https://github.com/rust-lang/crates.io-index)",
]

[[package]]
name = "cslice"
version = "0.3.0"
source = "registry+https://github.com/rust-lang/crates.io-index"

[[package]]
name = "cstr-macro"
version = "0.1.0"
source = "registry+https://github.com/rust-lang/crates.io-index"

[[package]]
name = "helix"
version = "0.6.0"
source = "registry+https://github.com/rust-lang/crates.io-index"
dependencies = [
 "cslice 0.3.0 (registry+https://github.com/rust-lang/crates.io-index)",
 "cstr-macro 0.1.0 (registry+https://github.com/rust-lang/crates.io-index)",
 "libc 0.2.22 (registry+https://github.com/rust-lang/crates.io-index)",
 "libcruby-sys 0.6.0 (registry+https://github.com/rust-lang/crates.io-index)",
]

[[package]]
name = "libc"
version = "0.2.22"
source = "registry+https://github.com/rust-lang/crates.io-index"

[[package]]
name = "libcruby-sys"
version = "0.6.0"
source = "registry+https://github.com/rust-lang/crates.io-index"
dependencies = [
 "libc 0.2.22 (registry+https://github.com/rust-lang/crates.io-index)",
]

[metadata]
"checksum cslice 0.3.0 (registry+https://github.com/rust-lang/crates.io-index)" = "0f8cb7306107e4b10e64994de6d3274bd08996a7c1322a27b86482392f96be0a"
"checksum cstr-macro 0.1.0 (registry+https://github.com/rust-lang/crates.io-index)" = "db53fddba18cdd35477a7213a3ef6acfbfa333c31b42ce019e544c4a1420a06f"
"checksum helix 0.6.0 (registry+https://github.com/rust-lang/crates.io-index)" = "4b3d0b8579a68e79a629d9c2f4717dbf5e2b467a7d7afb38c737d573d46331ac"
"checksum libc 0.2.22 (registry+https://github.com/rust-lang/crates.io-index)" = "babb8281da88cba992fa1f4ddec7d63ed96280a1a53ec9b919fd37b53d71e502"
"checksum libcruby-sys 0.6.0 (registry+https://github.com/rust-lang/crates.io-index)" = "3bf276325da1f1b20cd68108b33c02dfcad26ff4f4d7fdac4cd2a5aac8f04ae5"
