[root]
name = "line_point"
version = "0.1.0"
dependencies = [
 "helix 0.5.0 (registry+https://github.com/rust-lang/crates.io-index)",
]

[[package]]
name = "cslice"
version = "0.2.0"
source = "registry+https://github.com/rust-lang/crates.io-index"

[[package]]
name = "cstr-macro"
version = "0.1.0"
source = "registry+https://github.com/rust-lang/crates.io-index"

[[package]]
name = "helix"
version = "0.5.0"
source = "registry+https://github.com/rust-lang/crates.io-index"
dependencies = [
 "cslice 0.2.0 (registry+https://github.com/rust-lang/crates.io-index)",
 "cstr-macro 0.1.0 (registry+https://github.com/rust-lang/crates.io-index)",
 "libc 0.2.22 (registry+https://github.com/rust-lang/crates.io-index)",
 "libcruby-sys 0.5.0 (registry+https://github.com/rust-lang/crates.io-index)",
]

[[package]]
name = "libc"
version = "0.2.22"
source = "registry+https://github.com/rust-lang/crates.io-index"

[[package]]
name = "libcruby-sys"
version = "0.5.0"
source = "registry+https://github.com/rust-lang/crates.io-index"
dependencies = [
 "libc 0.2.22 (registry+https://github.com/rust-lang/crates.io-index)",
]

[metadata]
"checksum cslice 0.2.0 (registry+https://github.com/rust-lang/crates.io-index)" = "697c714f50560202b1f4e2e09cd50a421881c83e9025db75d15f276616f04f40"
"checksum cstr-macro 0.1.0 (registry+https://github.com/rust-lang/crates.io-index)" = "db53fddba18cdd35477a7213a3ef6acfbfa333c31b42ce019e544c4a1420a06f"
"checksum helix 0.5.0 (registry+https://github.com/rust-lang/crates.io-index)" = "4e4a47b16ffda8d734cc35a314121de5b5c665acf7129eafc410639cdeda1732"
"checksum libc 0.2.22 (registry+https://github.com/rust-lang/crates.io-index)" = "babb8281da88cba992fa1f4ddec7d63ed96280a1a53ec9b919fd37b53d71e502"
"checksum libcruby-sys 0.5.0 (registry+https://github.com/rust-lang/crates.io-index)" = "8828a85065ebe12f4847428346b99f4d5a30660d20fc97de9aa34e01d7a02c50"
